
Microsoft Visual Studio Solution File, Format Version 12.00
# Visual Studio Version 16
VisualStudioVersion = 16.0.31829.152
MinimumVisualStudioVersion = 10.0.40219.1
Project("{FAE04EC0-301F-11D3-BF4B-00C04F79EFBC}") = "Lab17.1WPFAPP", "Lab17.1WPFAPP\Lab17.1WPFAPP.csproj", "{1DAE687E-28DE-499B-BD53-47B7638056B4}"
EndProject
Global
	GlobalSection(SolutionConfigurationPlatforms) = preSolution
		Debug|Any CPU = Debug|Any CPU
		Release|Any CPU = Release|Any CPU
	EndGlobalSection
	GlobalSection(ProjectConfigurationPlatforms) = postSolution
		{1DAE687E-28DE-499B-BD53-47B7638056B4}.Debug|Any CPU.ActiveCfg = Debug|Any CPU
		{1DAE687E-28DE-499B-BD53-47B7638056B4}.Debug|Any CPU.Build.0 = Debug|Any CPU
		{1DAE687E-28DE-499B-BD53-47B7638056B4}.Release|Any CPU.ActiveCfg = Release|Any CPU
		{1DAE687E-28DE-499B-BD53-47B7638056B4}.Release|Any CPU.Build.0 = Release|Any CPU
	EndGlobalSection
	GlobalSection(SolutionProperties) = preSolution
		HideSolutionNode = FALSE
	EndGlobalSection
	GlobalSection(ExtensibilityGlobals) = postSolution
		SolutionGuid = {59BB6061-3F43-49C0-91FF-13ED2BABA0C7}
	EndGlobalSection
EndGlobal
