
Microsoft Visual Studio Solution File, Format Version 12.00
# Visual Studio Version 16
VisualStudioVersion = 16.0.31829.152
MinimumVisualStudioVersion = 10.0.40219.1
Project("{FAE04EC0-301F-11D3-BF4B-00C04F79EFBC}") = "Lab10WPFAPP", "Lab10WPFAPP\Lab10WPFAPP.csproj", "{62EB1537-ACC6-4075-8191-A667A1570794}"
EndProject
Global
	GlobalSection(SolutionConfigurationPlatforms) = preSolution
		Debug|Any CPU = Debug|Any CPU
		Release|Any CPU = Release|Any CPU
	EndGlobalSection
	GlobalSection(ProjectConfigurationPlatforms) = postSolution
		{62EB1537-ACC6-4075-8191-A667A1570794}.Debug|Any CPU.ActiveCfg = Debug|Any CPU
		{62EB1537-ACC6-4075-8191-A667A1570794}.Debug|Any CPU.Build.0 = Debug|Any CPU
		{62EB1537-ACC6-4075-8191-A667A1570794}.Release|Any CPU.ActiveCfg = Release|Any CPU
		{62EB1537-ACC6-4075-8191-A667A1570794}.Release|Any CPU.Build.0 = Release|Any CPU
	EndGlobalSection
	GlobalSection(SolutionProperties) = preSolution
		HideSolutionNode = FALSE
	EndGlobalSection
	GlobalSection(ExtensibilityGlobals) = postSolution
		SolutionGuid = {706969C0-D47D-45CF-978C-9104530C8335}
	EndGlobalSection
EndGlobal
