
Microsoft Visual Studio Solution File, Format Version 12.00
# Visual Studio Version 16
VisualStudioVersion = 16.0.31829.152
MinimumVisualStudioVersion = 10.0.40219.1
Project("{FAE04EC0-301F-11D3-BF4B-00C04F79EFBC}") = "Lab22", "Lab22\Lab22.csproj", "{019244C1-9A8B-4CF0-9B54-AF72CDA6ADB3}"
EndProject
Global
	GlobalSection(SolutionConfigurationPlatforms) = preSolution
		Debug|Any CPU = Debug|Any CPU
		Release|Any CPU = Release|Any CPU
	EndGlobalSection
	GlobalSection(ProjectConfigurationPlatforms) = postSolution
		{019244C1-9A8B-4CF0-9B54-AF72CDA6ADB3}.Debug|Any CPU.ActiveCfg = Debug|Any CPU
		{019244C1-9A8B-4CF0-9B54-AF72CDA6ADB3}.Debug|Any CPU.Build.0 = Debug|Any CPU
		{019244C1-9A8B-4CF0-9B54-AF72CDA6ADB3}.Release|Any CPU.ActiveCfg = Release|Any CPU
		{019244C1-9A8B-4CF0-9B54-AF72CDA6ADB3}.Release|Any CPU.Build.0 = Release|Any CPU
	EndGlobalSection
	GlobalSection(SolutionProperties) = preSolution
		HideSolutionNode = FALSE
	EndGlobalSection
	GlobalSection(ExtensibilityGlobals) = postSolution
		SolutionGuid = {0A0EEACA-1DBA-4A79-A007-A8B5A0759215}
	EndGlobalSection
EndGlobal
