
Microsoft Visual Studio Solution File, Format Version 12.00
# Visual Studio Version 16
VisualStudioVersion = 16.0.31829.152
MinimumVisualStudioVersion = 10.0.40219.1
Project("{FAE04EC0-301F-11D3-BF4B-00C04F79EFBC}") = "Lab18WPFAPP", "Lab18WPFAPP\Lab18WPFAPP.csproj", "{3C756D10-B9A6-4FFF-8A05-27F416F23034}"
EndProject
Global
	GlobalSection(SolutionConfigurationPlatforms) = preSolution
		Debug|Any CPU = Debug|Any CPU
		Release|Any CPU = Release|Any CPU
	EndGlobalSection
	GlobalSection(ProjectConfigurationPlatforms) = postSolution
		{3C756D10-B9A6-4FFF-8A05-27F416F23034}.Debug|Any CPU.ActiveCfg = Debug|Any CPU
		{3C756D10-B9A6-4FFF-8A05-27F416F23034}.Debug|Any CPU.Build.0 = Debug|Any CPU
		{3C756D10-B9A6-4FFF-8A05-27F416F23034}.Release|Any CPU.ActiveCfg = Release|Any CPU
		{3C756D10-B9A6-4FFF-8A05-27F416F23034}.Release|Any CPU.Build.0 = Release|Any CPU
	EndGlobalSection
	GlobalSection(SolutionProperties) = preSolution
		HideSolutionNode = FALSE
	EndGlobalSection
	GlobalSection(ExtensibilityGlobals) = postSolution
		SolutionGuid = {B52C8C90-1A83-4B85-BBF7-C830B5579C06}
	EndGlobalSection
EndGlobal
